
Microsoft Visual Studio Solution File, Format Version 12.00
# Visual Studio Version 16
VisualStudioVersion = 16.0.810.6
MinimumVisualStudioVersion = 10.0.40219.1
Project("{FAE04EC0-301F-11D3-BF4B-00C04F79EFBC}") = "pdfReader", "pdfReader\pdfReader.csproj", "{DFE86F11-407A-4AF2-A9C7-13F831719687}"
EndProject
Global
	GlobalSection(SolutionConfigurationPlatforms) = preSolution
		Debug|Any CPU = Debug|Any CPU
		Release|Any CPU = Release|Any CPU
	EndGlobalSection
	GlobalSection(ProjectConfigurationPlatforms) = postSolution
		{DFE86F11-407A-4AF2-A9C7-13F831719687}.Debug|Any CPU.ActiveCfg = Debug|Any CPU
		{DFE86F11-407A-4AF2-A9C7-13F831719687}.Debug|Any CPU.Build.0 = Debug|Any CPU
		{DFE86F11-407A-4AF2-A9C7-13F831719687}.Release|Any CPU.ActiveCfg = Release|Any CPU
		{DFE86F11-407A-4AF2-A9C7-13F831719687}.Release|Any CPU.Build.0 = Release|Any CPU
	EndGlobalSection
	GlobalSection(SolutionProperties) = preSolution
		HideSolutionNode = FALSE
	EndGlobalSection
	GlobalSection(ExtensibilityGlobals) = postSolution
		SolutionGuid = {6EF73C23-0A99-4C47-8C1B-C94C010F58A0}
	EndGlobalSection
EndGlobal
